{
  "name": "codex-provider-sync",
  "version": "0.2.4",
  "lockfileVersion": 3,
  "requires": true,
  "packages": {
    "": {
      "name": "codex-provider-sync",
      "version": "0.2.4",
      "license": "MIT",
      "bin": {
        "codex-provider": "src/cli.js"
      },
      "engines": {
        "node": ">=24.0.0"
      }
    }
  }
}
